
Microsoft Visual Studio Solution File, Format Version 12.00
# Visual Studio Express 14 for Web
VisualStudioVersion = 14.0.25420.1
MinimumVisualStudioVersion = 10.0.40219.1
Project("{E24C65DC-7377-472B-9ABA-BC803B73C61A}") = "ErrorIndicator", ".", "{573DC000-574E-4FC7-B19B-7CF90CF4CA98}"
	ProjectSection(WebsiteProperties) = preProject
		TargetFrameworkMoniker = ".NETFramework,Version%3Dv4.0"
		Debug.AspNetCompiler.VirtualPath = "/localhost_50187"
		Debug.AspNetCompiler.PhysicalPath = "..\ErrorIndicator\"
		Debug.AspNetCompiler.TargetPath = "PrecompiledWeb\localhost_50187\"
		Debug.AspNetCompiler.Updateable = "true"
		Debug.AspNetCompiler.ForceOverwrite = "true"
		Debug.AspNetCompiler.FixedNames = "false"
		Debug.AspNetCompiler.Debug = "True"
		Release.AspNetCompiler.VirtualPath = "/localhost_50187"
		Release.AspNetCompiler.PhysicalPath = "..\ErrorIndicator\"
		Release.AspNetCompiler.TargetPath = "PrecompiledWeb\localhost_50187\"
		Release.AspNetCompiler.Updateable = "true"
		Release.AspNetCompiler.ForceOverwrite = "true"
		Release.AspNetCompiler.FixedNames = "false"
		Release.AspNetCompiler.Debug = "False"
		VWDPort = "50187"
		SlnRelativePath = "..\ErrorIndicator\"
	EndProjectSection
EndProject
Global
	GlobalSection(SolutionConfigurationPlatforms) = preSolution
		Debug|Any CPU = Debug|Any CPU
	EndGlobalSection
	GlobalSection(ProjectConfigurationPlatforms) = postSolution
		{573DC000-574E-4FC7-B19B-7CF90CF4CA98}.Debug|Any CPU.ActiveCfg = Debug|Any CPU
		{573DC000-574E-4FC7-B19B-7CF90CF4CA98}.Debug|Any CPU.Build.0 = Debug|Any CPU
	EndGlobalSection
	GlobalSection(SolutionProperties) = preSolution
		HideSolutionNode = FALSE
	EndGlobalSection
EndGlobal
